
Microsoft Visual Studio Solution File, Format Version 12.00
# Visual Studio Version 16
VisualStudioVersion = 16.0.29728.190
MinimumVisualStudioVersion = 10.0.40219.1
Project("{9A19103F-16F7-4668-BE54-9A1E7A4F7556}") = "DC.ConsoleClient", "DC.ConsoleClient\DC.ConsoleClient.csproj", "{E1EEB280-24E3-4464-814F-3AF1C701618C}"
EndProject
Project("{9A19103F-16F7-4668-BE54-9A1E7A4F7556}") = "DC.Core", "DC.Core\DC.Core.csproj", "{AD1D2125-BB22-463B-AB45-1029C0204515}"
EndProject
Project("{9A19103F-16F7-4668-BE54-9A1E7A4F7556}") = "DC.Web", "DC.Web\DC.Web.csproj", "{BE734A29-6818-45D1-97CD-0DB1572E04F6}"
EndProject
Project("{9A19103F-16F7-4668-BE54-9A1E7A4F7556}") = "DC.SQLServices", "DC.SQLServices\DC.SQLServices.csproj", "{B329118A-F75B-45D1-BD0E-7882410982FE}"
EndProject
Project("{00D1A9C2-B5F0-4AF3-8072-F6C62B433612}") = "DC.Database", "Sps\DC.Database.sqlproj", "{ABB78EE3-DA58-4AD4-AF25-1453CDA1F12F}"
EndProject
Global
	GlobalSection(SolutionConfigurationPlatforms) = preSolution
		Debug|Any CPU = Debug|Any CPU
		Release|Any CPU = Release|Any CPU
	EndGlobalSection
	GlobalSection(ProjectConfigurationPlatforms) = postSolution
		{E1EEB280-24E3-4464-814F-3AF1C701618C}.Debug|Any CPU.ActiveCfg = Debug|Any CPU
		{E1EEB280-24E3-4464-814F-3AF1C701618C}.Debug|Any CPU.Build.0 = Debug|Any CPU
		{E1EEB280-24E3-4464-814F-3AF1C701618C}.Release|Any CPU.ActiveCfg = Release|Any CPU
		{E1EEB280-24E3-4464-814F-3AF1C701618C}.Release|Any CPU.Build.0 = Release|Any CPU
		{AD1D2125-BB22-463B-AB45-1029C0204515}.Debug|Any CPU.ActiveCfg = Debug|Any CPU
		{AD1D2125-BB22-463B-AB45-1029C0204515}.Debug|Any CPU.Build.0 = Debug|Any CPU
		{AD1D2125-BB22-463B-AB45-1029C0204515}.Release|Any CPU.ActiveCfg = Release|Any CPU
		{AD1D2125-BB22-463B-AB45-1029C0204515}.Release|Any CPU.Build.0 = Release|Any CPU
		{BE734A29-6818-45D1-97CD-0DB1572E04F6}.Debug|Any CPU.ActiveCfg = Debug|Any CPU
		{BE734A29-6818-45D1-97CD-0DB1572E04F6}.Debug|Any CPU.Build.0 = Debug|Any CPU
		{BE734A29-6818-45D1-97CD-0DB1572E04F6}.Release|Any CPU.ActiveCfg = Release|Any CPU
		{BE734A29-6818-45D1-97CD-0DB1572E04F6}.Release|Any CPU.Build.0 = Release|Any CPU
		{B329118A-F75B-45D1-BD0E-7882410982FE}.Debug|Any CPU.ActiveCfg = Debug|Any CPU
		{B329118A-F75B-45D1-BD0E-7882410982FE}.Debug|Any CPU.Build.0 = Debug|Any CPU
		{B329118A-F75B-45D1-BD0E-7882410982FE}.Release|Any CPU.ActiveCfg = Release|Any CPU
		{B329118A-F75B-45D1-BD0E-7882410982FE}.Release|Any CPU.Build.0 = Release|Any CPU
		{ABB78EE3-DA58-4AD4-AF25-1453CDA1F12F}.Debug|Any CPU.ActiveCfg = Debug|Any CPU
		{ABB78EE3-DA58-4AD4-AF25-1453CDA1F12F}.Release|Any CPU.ActiveCfg = Release|Any CPU
	EndGlobalSection
	GlobalSection(SolutionProperties) = preSolution
		HideSolutionNode = FALSE
	EndGlobalSection
	GlobalSection(ExtensibilityGlobals) = postSolution
		SolutionGuid = {124B0700-5E8B-4566-97B0-DB86456EE684}
	EndGlobalSection
EndGlobal
